// !$*UTF8*$!
{
	archiveVersion = 1;
	classes = {
	};
	objectVersion = 46;
	objects = {

/* Begin PBXBuildFile section */
		F55C53201C4E292C00F1433C /* AppDelegate.swift in Sources */ = {isa = PBXBuildFile; fileRef = F55C531F1C4E292C00F1433C /* AppDelegate.swift */; };
		F55C53221C4E292C00F1433C /* ViewController.swift in Sources */ = {isa = PBXBuildFile; fileRef = F55C53211C4E292C00F1433C /* ViewController.swift */; };
		F55C53251C4E292C00F1433C /* Main.storyboard in Resources */ = {isa = PBXBuildFile; fileRef = F55C53231C4E292C00F1433C /* Main.storyboard */; };
		F55C53271C4E292C00F1433C /* Assets.xcassets in Resources */ = {isa = PBXBuildFile; fileRef = F55C53261C4E292C00F1433C /* Assets.xcassets */; };
		F55C532A1C4E292C00F1433C /* LaunchScreen.storyboard in Resources */ = {isa = PBXBuildFile; fileRef = F55C53281C4E292C00F1433C /* LaunchScreen.storyboard */; };
		F55C53321C4E2A0800F1433C /* HWSimpleToast.swift in Sources */ = {isa = PBXBuildFile; fileRef = F55C53311C4E2A0800F1433C /* HWSimpleToast.swift */; };
/* End PBXBuildFile section */

/* Begin PBXFileReference section */
		F55C531C1C4E292C00F1433C /* HWSimpleToast.app */ = {isa = PBXFileReference; explicitFileType = wrapper.application; includeInIndex = 0; path = HWSimpleToast.app; sourceTree = BUILT_PRODUCTS_DIR; };
		F55C531F1C4E292C00F1433C /* AppDelegate.swift */ = {isa = PBXFileReference; lastKnownFileType = sourcecode.swift; path = AppDelegate.swift; sourceTree = "<group>"; };
		F55C53211C4E292C00F1433C /* ViewController.swift */ = {isa = PBXFileReference; lastKnownFileType = sourcecode.swift; path = ViewController.swift; sourceTree = "<group>"; };
		F55C53241C4E292C00F1433C /* Base */ = {isa = PBXFileReference; lastKnownFileType = file.storyboard; name = Base; path = Base.lproj/Main.storyboard; sourceTree = "<group>"; };
		F55C53261C4E292C00F1433C /* Assets.xcassets */ = {isa = PBXFileReference; lastKnownFileType = folder.assetcatalog; path = Assets.xcassets; sourceTree = "<group>"; };
		F55C53291C4E292C00F1433C /* Base */ = {isa = PBXFileReference; lastKnownFileType = file.storyboard; name = Base; path = Base.lproj/LaunchScreen.storyboard; sourceTree = "<group>"; };
		F55C532B1C4E292C00F1433C /* Info.plist */ = {isa = PBXFileReference; lastKnownFileType = text.plist.xml; path = Info.plist; sourceTree = "<group>"; };
		F55C53311C4E2A0800F1433C /* HWSimpleToast.swift */ = {isa = PBXFileReference; fileEncoding = 4; lastKnownFileType = sourcecode.swift; name = HWSimpleToast.swift; path = ../HWSimpleToast/HWSimpleToast.swift; sourceTree = "<group>"; };
/* End PBXFileReference section */

/* Begin PBXFrameworksBuildPhase section */
		F55C53191C4E292C00F1433C /* Frameworks */ = {
			isa = PBXFrameworksBuildPhase;
			buildActionMask = 2147483647;
			files = (
			);
			runOnlyForDeploymentPostprocessing = 0;
		};
/* End PBXFrameworksBuildPhase section */

/* Begin PBXGroup section */
		F55C53131C4E292C00F1433C = {
			isa = PBXGroup;
			children = (
				F55C53331C4E2A0D00F1433C /* HWSimpleToast */,
				F55C531E1C4E292C00F1433C /* HWSimpleToast */,
				F55C531D1C4E292C00F1433C /* Products */,
			);
			sourceTree = "<group>";
		};
		F55C531D1C4E292C00F1433C /* Products */ = {
			isa = PBXGroup;
			children = (
				F55C531C1C4E292C00F1433C /* HWSimpleToast.app */,
			);
			name = Products;
			sourceTree = "<group>";
		};
		F55C531E1C4E292C00F1433C /* HWSimpleToast */ = {
			isa = PBXGroup;
			children = (
				F55C531F1C4E292C00F1433C /* AppDelegate.swift */,
				F55C53211C4E292C00F1433C /* ViewController.swift */,
				F55C53231C4E292C00F1433C /* Main.storyboard */,
				F55C53261C4E292C00F1433C /* Assets.xcassets */,
				F55C53281C4E292C00F1433C /* LaunchScreen.storyboard */,
				F55C532B1C4E292C00F1433C /* Info.plist */,
			);
			path = HWSimpleToast;
			sourceTree = "<group>";
		};
		F55C53331C4E2A0D00F1433C /* HWSimpleToast */ = {
			isa = PBXGroup;
			children = (
				F55C53311C4E2A0800F1433C /* HWSimpleToast.swift */,
			);
			name = HWSimpleToast;
			sourceTree = "<group>";
		};
/* End PBXGroup section */

/* Begin PBXNativeTarget section */
		F55C531B1C4E292C00F1433C /* HWSimpleToast */ = {
			isa = PBXNativeTarget;
			buildConfigurationList = F55C532E1C4E292C00F1433C /* Build configuration list for PBXNativeTarget "HWSimpleToast" */;
			buildPhases = (
				F55C53181C4E292C00F1433C /* Sources */,
				F55C53191C4E292C00F1433C /* Frameworks */,
				F55C531A1C4E292C00F1433C /* Resources */,
			);
			buildRules = (
			);
			dependencies = (
			);
			name = HWSimpleToast;
			productName = HWSimpleToast;
			productReference = F55C531C1C4E292C00F1433C /* HWSimpleToast.app */;
			productType = "com.apple.product-type.application";
		};
/* End PBXNativeTarget section */

/* Begin PBXProject section */
		F55C53141C4E292C00F1433C /* Project object */ = {
			isa = PBXProject;
			attributes = {
				LastSwiftUpdateCheck = 0720;
				LastUpgradeCheck = 0720;
				ORGANIZATIONNAME = KokohApps;
				TargetAttributes = {
					F55C531B1C4E292C00F1433C = {
						CreatedOnToolsVersion = 7.2;
					};
				};
			};
			buildConfigurationList = F55C53171C4E292C00F1433C /* Build configuration list for PBXProject "HWSimpleToast" */;
			compatibilityVersion = "Xcode 3.2";
			developmentRegion = English;
			hasScannedForEncodings = 0;
			knownRegions = (
				en,
				Base,
			);
			mainGroup = F55C53131C4E292C00F1433C;
			productRefGroup = F55C531D1C4E292C00F1433C /* Products */;
			projectDirPath = "";
			projectRoot = "";
			targets = (
				F55C531B1C4E292C00F1433C /* HWSimpleToast */,
			);
		};
/* End PBXProject section */

/* Begin PBXResourcesBuildPhase section */
		F55C531A1C4E292C00F1433C /* Resources */ = {
			isa = PBXResourcesBuildPhase;
			buildActionMask = 2147483647;
			files = (
				F55C532A1C4E292C00F1433C /* LaunchScreen.storyboard in Resources */,
				F55C53271C4E292C00F1433C /* Assets.xcassets in Resources */,
				F55C53251C4E292C00F1433C /* Main.storyboard in Resources */,
			);
			runOnlyForDeploymentPostprocessing = 0;
		};
/* End PBXResourcesBuildPhase section */

/* Begin PBXSourcesBuildPhase section */
		F55C53181C4E292C00F1433C /* Sources */ = {
			isa = PBXSourcesBuildPhase;
			buildActionMask = 2147483647;
			files = (
				F55C53221C4E292C00F1433C /* ViewController.swift in Sources */,
				F55C53321C4E2A0800F1433C /* HWSimpleToast.swift in Sources */,
				F55C53201C4E292C00F1433C /* AppDelegate.swift in Sources */,
			);
			runOnlyForDeploymentPostprocessing = 0;
		};
/* End PBXSourcesBuildPhase section */

/* Begin PBXVariantGroup section */
		F55C53231C4E292C00F1433C /* Main.storyboard */ = {
			isa = PBXVariantGroup;
			children = (
				F55C53241C4E292C00F1433C /* Base */,
			);
			name = Main.storyboard;
			sourceTree = "<group>";
		};
		F55C53281C4E292C00F1433C /* LaunchScreen.storyboard */ = {
			isa = PBXVariantGroup;
			children = (
				F55C53291C4E292C00F1433C /* Base */,
			);
			name = LaunchScreen.storyboard;
			sourceTree = "<group>";
		};
/* End PBXVariantGroup section */

/* Begin XCBuildConfiguration section */
		F55C532C1C4E292C00F1433C /* Debug */ = {
			isa = XCBuildConfiguration;
			buildSettings = {
				ALWAYS_SEARCH_USER_PATHS = NO;
				CLANG_CXX_LANGUAGE_STANDARD = "gnu++0x";
				CLANG_CXX_LIBRARY = "libc++";
				CLANG_ENABLE_MODULES = YES;
				CLANG_ENABLE_OBJC_ARC = YES;
				CLANG_WARN_BOOL_CONVERSION = YES;
				CLANG_WARN_CONSTANT_CONVERSION = YES;
				CLANG_WARN_DIRECT_OBJC_ISA_USAGE = YES_ERROR;
				CLANG_WARN_EMPTY_BODY = YES;
				CLANG_WARN_ENUM_CONVERSION = YES;
				CLANG_WARN_INT_CONVERSION = YES;
				CLANG_WARN_OBJC_ROOT_CLASS = YES_ERROR;
				CLANG_WARN_UNREACHABLE_CODE = YES;
				CLANG_WARN__DUPLICATE_METHOD_MATCH = YES;
				"CODE_SIGN_IDENTITY[sdk=iphoneos*]" = "iPhone Developer";
				COPY_PHASE_STRIP = NO;
				DEBUG_INFORMATION_FORMAT = dwarf;
				ENABLE_STRICT_OBJC_MSGSEND = YES;
				ENABLE_TESTABILITY = YES;
				GCC_C_LANGUAGE_STANDARD = gnu99;
				GCC_DYNAMIC_NO_PIC = NO;
				GCC_NO_COMMON_BLOCKS = YES;
				GCC_OPTIMIZATION_LEVEL = 0;
				GCC_PREPROCESSOR_DEFINITIONS = (
					"DEBUG=1",
					"$(inherited)",
				);
				GCC_WARN_64_TO_32_BIT_CONVERSION = YES;
				GCC_WARN_ABOUT_RETURN_TYPE = YES_ERROR;
				GCC_WARN_UNDECLARED_SELECTOR = YES;
				GCC_WARN_UNINITIALIZED_AUTOS = YES_AGGRESSIVE;
				GCC_WARN_UNUSED_FUNCTION = YES;
				GCC_WARN_UNUSED_VARIABLE = YES;
				IPHONEOS_DEPLOYMENT_TARGET = 9.2;
				MTL_ENABLE_DEBUG_INFO = YES;
				ONLY_ACTIVE_ARCH = YES;
				SDKROOT = iphoneos;
				SWIFT_OPTIMIZATION_LEVEL = "-Onone";
			};
			name = Debug;
		};
		F55C532D1C4E292C00F1433C /* Release */ = {
			isa = XCBuildConfiguration;
			buildSettings = {
				ALWAYS_SEARCH_USER_PATHS = NO;
				CLANG_CXX_LANGUAGE_STANDARD = "gnu++0x";
				CLANG_CXX_LIBRARY = "libc++";
				CLANG_ENABLE_MODULES = YES;
				CLANG_ENABLE_OBJC_ARC = YES;
				CLANG_WARN_BOOL_CONVERSION = YES;
				CLANG_WARN_CONSTANT_CONVERSION = YES;
				CLANG_WARN_DIRECT_OBJC_ISA_USAGE = YES_ERROR;
				CLANG_WARN_EMPTY_BODY = YES;
				CLANG_WARN_ENUM_CONVERSION = YES;
				CLANG_WARN_INT_CONVERSION = YES;
				CLANG_WARN_OBJC_ROOT_CLASS = YES_ERROR;
				CLANG_WARN_UNREACHABLE_CODE = YES;
				CLANG_WARN__DUPLICATE_METHOD_MATCH = YES;
				"CODE_SIGN_IDENTITY[sdk=iphoneos*]" = "iPhone Developer";
				COPY_PHASE_STRIP = NO;
				DEBUG_INFORMATION_FORMAT = "dwarf-with-dsym";
				ENABLE_NS_ASSERTIONS = NO;
				ENABLE_STRICT_OBJC_MSGSEND = YES;
				GCC_C_LANGUAGE_STANDARD = gnu99;
				GCC_NO_COMMON_BLOCKS = YES;
				GCC_WARN_64_TO_32_BIT_CONVERSION = YES;
				GCC_WARN_ABOUT_RETURN_TYPE = YES_ERROR;
				GCC_WARN_UNDECLARED_SELECTOR = YES;
				GCC_WARN_UNINITIALIZED_AUTOS = YES_AGGRESSIVE;
				GCC_WARN_UNUSED_FUNCTION = YES;
				GCC_WARN_UNUSED_VARIABLE = YES;
				IPHONEOS_DEPLOYMENT_TARGET = 9.2;
				MTL_ENABLE_DEBUG_INFO = NO;
				SDKROOT = iphoneos;
				VALIDATE_PRODUCT = YES;
			};
			name = Release;
		};
		F55C532F1C4E292C00F1433C /* Debug */ = {
			isa = XCBuildConfiguration;
			buildSettings = {
				ASSETCATALOG_COMPILER_APPICON_NAME = AppIcon;
				INFOPLIST_FILE = HWSimpleToast/Info.plist;
				LD_RUNPATH_SEARCH_PATHS = "$(inherited) @executable_path/Frameworks";
				PRODUCT_BUNDLE_IDENTIFIER = com.kokohapps.ios.HWSimpleToast;
				PRODUCT_NAME = "$(TARGET_NAME)";
			};
			name = Debug;
		};
		F55C53301C4E292C00F1433C /* Release */ = {
			isa = XCBuildConfiguration;
			buildSettings = {
				ASSETCATALOG_COMPILER_APPICON_NAME = AppIcon;
				INFOPLIST_FILE = HWSimpleToast/Info.plist;
				LD_RUNPATH_SEARCH_PATHS = "$(inherited) @executable_path/Frameworks";
				PRODUCT_BUNDLE_IDENTIFIER = com.kokohapps.ios.HWSimpleToast;
				PRODUCT_NAME = "$(TARGET_NAME)";
			};
			name = Release;
		};
/* End XCBuildConfiguration section */

/* Begin XCConfigurationList section */
		F55C53171C4E292C00F1433C /* Build configuration list for PBXProject "HWSimpleToast" */ = {
			isa = XCConfigurationList;
			buildConfigurations = (
				F55C532C1C4E292C00F1433C /* Debug */,
				F55C532D1C4E292C00F1433C /* Release */,
			);
			defaultConfigurationIsVisible = 0;
			defaultConfigurationName = Release;
		};
		F55C532E1C4E292C00F1433C /* Build configuration list for PBXNativeTarget "HWSimpleToast" */ = {
			isa = XCConfigurationList;
			buildConfigurations = (
				F55C532F1C4E292C00F1433C /* Debug */,
				F55C53301C4E292C00F1433C /* Release */,
			);
			defaultConfigurationIsVisible = 0;
			defaultConfigurationName = Release;
		};
/* End XCConfigurationList section */
	};
	rootObject = F55C53141C4E292C00F1433C /* Project object */;
}
